
Microsoft Visual Studio Solution File, Format Version 12.00
# Visual Studio Version 16
VisualStudioVersion = 16.0.31729.503
MinimumVisualStudioVersion = 10.0.40219.1
Project("{FAE04EC0-301F-11D3-BF4B-00C04F79EFBC}") = "cabsystem", "cabsystem\cabsystem.csproj", "{42A789B0-AE14-4177-90D3-AA15C880160E}"
EndProject
Global
	GlobalSection(SolutionConfigurationPlatforms) = preSolution
		Debug|Any CPU = Debug|Any CPU
		Release|Any CPU = Release|Any CPU
	EndGlobalSection
	GlobalSection(ProjectConfigurationPlatforms) = postSolution
		{42A789B0-AE14-4177-90D3-AA15C880160E}.Debug|Any CPU.ActiveCfg = Debug|Any CPU
		{42A789B0-AE14-4177-90D3-AA15C880160E}.Debug|Any CPU.Build.0 = Debug|Any CPU
		{42A789B0-AE14-4177-90D3-AA15C880160E}.Release|Any CPU.ActiveCfg = Release|Any CPU
		{42A789B0-AE14-4177-90D3-AA15C880160E}.Release|Any CPU.Build.0 = Release|Any CPU
	EndGlobalSection
	GlobalSection(SolutionProperties) = preSolution
		HideSolutionNode = FALSE
	EndGlobalSection
	GlobalSection(ExtensibilityGlobals) = postSolution
		SolutionGuid = {0DE08A11-B8D3-41E7-84EB-4F6B71A07EF1}
	EndGlobalSection
EndGlobal
